
Microsoft Visual Studio Solution File, Format Version 12.00
# Visual Studio Version 17
VisualStudioVersion = 17.2.32630.192
MinimumVisualStudioVersion = 10.0.40219.1
Project("{FAE04EC0-301F-11D3-BF4B-00C04F79EFBC}") = "PracticeProblem", "PracticeProblem.csproj", "{63C5B4E1-A8CF-4EB3-AA73-504F73A08876}"
EndProject
Global
	GlobalSection(SolutionConfigurationPlatforms) = preSolution
		Debug|Any CPU = Debug|Any CPU
		Release|Any CPU = Release|Any CPU
	EndGlobalSection
	GlobalSection(ProjectConfigurationPlatforms) = postSolution
		{63C5B4E1-A8CF-4EB3-AA73-504F73A08876}.Debug|Any CPU.ActiveCfg = Debug|Any CPU
		{63C5B4E1-A8CF-4EB3-AA73-504F73A08876}.Debug|Any CPU.Build.0 = Debug|Any CPU
		{63C5B4E1-A8CF-4EB3-AA73-504F73A08876}.Release|Any CPU.ActiveCfg = Release|Any CPU
		{63C5B4E1-A8CF-4EB3-AA73-504F73A08876}.Release|Any CPU.Build.0 = Release|Any CPU
	EndGlobalSection
	GlobalSection(SolutionProperties) = preSolution
		HideSolutionNode = FALSE
	EndGlobalSection
	GlobalSection(ExtensibilityGlobals) = postSolution
		SolutionGuid = {2E8384CB-2229-49DC-978C-3C969AF349DC}
	EndGlobalSection
EndGlobal
